
Microsoft Visual Studio Solution File, Format Version 12.00
# Visual Studio 14
VisualStudioVersion = 14.0.25420.1
MinimumVisualStudioVersion = 10.0.40219.1
Project("{FAE04EC0-301F-11D3-BF4B-00C04F79EFBC}") = "mBanking", "mBanking\mBanking\mBanking.csproj", "{B5BCB40F-2337-4C36-9F35-9FF6A72537CB}"
EndProject
Project("{FAE04EC0-301F-11D3-BF4B-00C04F79EFBC}") = "mBanking.Droid", "mBanking\mBanking.Droid\mBanking.Droid.csproj", "{F53D23F3-644C-4D04-8D77-7892579950D1}"
EndProject
Project("{FAE04EC0-301F-11D3-BF4B-00C04F79EFBC}") = "mBanking.iOS", "mBanking\mBanking.iOS\mBanking.iOS.csproj", "{B2A4EF85-804B-463D-A0D6-B912E22F9A11}"
EndProject
Project("{FAE04EC0-301F-11D3-BF4B-00C04F79EFBC}") = "mBanking.UWP", "mBanking\mBanking.UWP\mBanking.UWP.csproj", "{3A9F2BAA-CCB0-4C83-9A9F-DE5D507AA14F}"
EndProject
Global
	GlobalSection(SolutionConfigurationPlatforms) = preSolution
		Ad-Hoc|Any CPU = Ad-Hoc|Any CPU
		Ad-Hoc|ARM = Ad-Hoc|ARM
		Ad-Hoc|iPhone = Ad-Hoc|iPhone
		Ad-Hoc|iPhoneSimulator = Ad-Hoc|iPhoneSimulator
		Ad-Hoc|x64 = Ad-Hoc|x64
		Ad-Hoc|x86 = Ad-Hoc|x86
		AppStore|Any CPU = AppStore|Any CPU
		AppStore|ARM = AppStore|ARM
		AppStore|iPhone = AppStore|iPhone
		AppStore|iPhoneSimulator = AppStore|iPhoneSimulator
		AppStore|x64 = AppStore|x64
		AppStore|x86 = AppStore|x86
		Debug|Any CPU = Debug|Any CPU
		Debug|ARM = Debug|ARM
		Debug|iPhone = Debug|iPhone
		Debug|iPhoneSimulator = Debug|iPhoneSimulator
		Debug|x64 = Debug|x64
		Debug|x86 = Debug|x86
		Release|Any CPU = Release|Any CPU
		Release|ARM = Release|ARM
		Release|iPhone = Release|iPhone
		Release|iPhoneSimulator = Release|iPhoneSimulator
		Release|x64 = Release|x64
		Release|x86 = Release|x86
	EndGlobalSection
	GlobalSection(ProjectConfigurationPlatforms) = postSolution
		{B5BCB40F-2337-4C36-9F35-9FF6A72537CB}.Ad-Hoc|Any CPU.ActiveCfg = Release|Any CPU
		{B5BCB40F-2337-4C36-9F35-9FF6A72537CB}.Ad-Hoc|Any CPU.Build.0 = Release|Any CPU
		{B5BCB40F-2337-4C36-9F35-9FF6A72537CB}.Ad-Hoc|ARM.ActiveCfg = Release|Any CPU
		{B5BCB40F-2337-4C36-9F35-9FF6A72537CB}.Ad-Hoc|ARM.Build.0 = Release|Any CPU
		{B5BCB40F-2337-4C36-9F35-9FF6A72537CB}.Ad-Hoc|iPhone.ActiveCfg = Release|Any CPU
		{B5BCB40F-2337-4C36-9F35-9FF6A72537CB}.Ad-Hoc|iPhone.Build.0 = Release|Any CPU
		{B5BCB40F-2337-4C36-9F35-9FF6A72537CB}.Ad-Hoc|iPhoneSimulator.ActiveCfg = Release|Any CPU
		{B5BCB40F-2337-4C36-9F35-9FF6A72537CB}.Ad-Hoc|iPhoneSimulator.Build.0 = Release|Any CPU
		{B5BCB40F-2337-4C36-9F35-9FF6A72537CB}.Ad-Hoc|x64.ActiveCfg = Release|Any CPU
		{B5BCB40F-2337-4C36-9F35-9FF6A72537CB}.Ad-Hoc|x64.Build.0 = Release|Any CPU
		{B5BCB40F-2337-4C36-9F35-9FF6A72537CB}.Ad-Hoc|x86.ActiveCfg = Release|Any CPU
		{B5BCB40F-2337-4C36-9F35-9FF6A72537CB}.Ad-Hoc|x86.Build.0 = Release|Any CPU
		{B5BCB40F-2337-4C36-9F35-9FF6A72537CB}.AppStore|Any CPU.ActiveCfg = Release|Any CPU
		{B5BCB40F-2337-4C36-9F35-9FF6A72537CB}.AppStore|Any CPU.Build.0 = Release|Any CPU
		{B5BCB40F-2337-4C36-9F35-9FF6A72537CB}.AppStore|ARM.ActiveCfg = Release|Any CPU
		{B5BCB40F-2337-4C36-9F35-9FF6A72537CB}.AppStore|ARM.Build.0 = Release|Any CPU
		{B5BCB40F-2337-4C36-9F35-9FF6A72537CB}.AppStore|iPhone.ActiveCfg = Release|Any CPU
		{B5BCB40F-2337-4C36-9F35-9FF6A72537CB}.AppStore|iPhone.Build.0 = Release|Any CPU
		{B5BCB40F-2337-4C36-9F35-9FF6A72537CB}.AppStore|iPhoneSimulator.ActiveCfg = Release|Any CPU
		{B5BCB40F-2337-4C36-9F35-9FF6A72537CB}.AppStore|iPhoneSimulator.Build.0 = Release|Any CPU
		{B5BCB40F-2337-4C36-9F35-9FF6A72537CB}.AppStore|x64.ActiveCfg = Release|Any CPU
		{B5BCB40F-2337-4C36-9F35-9FF6A72537CB}.AppStore|x64.Build.0 = Release|Any CPU
		{B5BCB40F-2337-4C36-9F35-9FF6A72537CB}.AppStore|x86.ActiveCfg = Release|Any CPU
		{B5BCB40F-2337-4C36-9F35-9FF6A72537CB}.AppStore|x86.Build.0 = Release|Any CPU
		{B5BCB40F-2337-4C36-9F35-9FF6A72537CB}.Debug|Any CPU.ActiveCfg = Debug|Any CPU
		{B5BCB40F-2337-4C36-9F35-9FF6A72537CB}.Debug|Any CPU.Build.0 = Debug|Any CPU
		{B5BCB40F-2337-4C36-9F35-9FF6A72537CB}.Debug|ARM.ActiveCfg = Debug|Any CPU
		{B5BCB40F-2337-4C36-9F35-9FF6A72537CB}.Debug|ARM.Build.0 = Debug|Any CPU
		{B5BCB40F-2337-4C36-9F35-9FF6A72537CB}.Debug|iPhone.ActiveCfg = Debug|Any CPU
		{B5BCB40F-2337-4C36-9F35-9FF6A72537CB}.Debug|iPhone.Build.0 = Debug|Any CPU
		{B5BCB40F-2337-4C36-9F35-9FF6A72537CB}.Debug|iPhoneSimulator.ActiveCfg = Debug|Any CPU
		{B5BCB40F-2337-4C36-9F35-9FF6A72537CB}.Debug|iPhoneSimulator.Build.0 = Debug|Any CPU
		{B5BCB40F-2337-4C36-9F35-9FF6A72537CB}.Debug|x64.ActiveCfg = Debug|Any CPU
		{B5BCB40F-2337-4C36-9F35-9FF6A72537CB}.Debug|x64.Build.0 = Debug|Any CPU
		{B5BCB40F-2337-4C36-9F35-9FF6A72537CB}.Debug|x86.ActiveCfg = Debug|Any CPU
		{B5BCB40F-2337-4C36-9F35-9FF6A72537CB}.Debug|x86.Build.0 = Debug|Any CPU
		{B5BCB40F-2337-4C36-9F35-9FF6A72537CB}.Release|Any CPU.ActiveCfg = Release|Any CPU
		{B5BCB40F-2337-4C36-9F35-9FF6A72537CB}.Release|Any CPU.Build.0 = Release|Any CPU
		{B5BCB40F-2337-4C36-9F35-9FF6A72537CB}.Release|ARM.ActiveCfg = Release|Any CPU
		{B5BCB40F-2337-4C36-9F35-9FF6A72537CB}.Release|ARM.Build.0 = Release|Any CPU
		{B5BCB40F-2337-4C36-9F35-9FF6A72537CB}.Release|iPhone.ActiveCfg = Release|Any CPU
		{B5BCB40F-2337-4C36-9F35-9FF6A72537CB}.Release|iPhone.Build.0 = Release|Any CPU
		{B5BCB40F-2337-4C36-9F35-9FF6A72537CB}.Release|iPhoneSimulator.ActiveCfg = Release|Any CPU
		{B5BCB40F-2337-4C36-9F35-9FF6A72537CB}.Release|iPhoneSimulator.Build.0 = Release|Any CPU
		{B5BCB40F-2337-4C36-9F35-9FF6A72537CB}.Release|x64.ActiveCfg = Release|Any CPU
		{B5BCB40F-2337-4C36-9F35-9FF6A72537CB}.Release|x64.Build.0 = Release|Any CPU
		{B5BCB40F-2337-4C36-9F35-9FF6A72537CB}.Release|x86.ActiveCfg = Release|Any CPU
		{B5BCB40F-2337-4C36-9F35-9FF6A72537CB}.Release|x86.Build.0 = Release|Any CPU
		{F53D23F3-644C-4D04-8D77-7892579950D1}.Ad-Hoc|Any CPU.ActiveCfg = Release|Any CPU
		{F53D23F3-644C-4D04-8D77-7892579950D1}.Ad-Hoc|Any CPU.Build.0 = Release|Any CPU
		{F53D23F3-644C-4D04-8D77-7892579950D1}.Ad-Hoc|Any CPU.Deploy.0 = Release|Any CPU
		{F53D23F3-644C-4D04-8D77-7892579950D1}.Ad-Hoc|ARM.ActiveCfg = Release|Any CPU
		{F53D23F3-644C-4D04-8D77-7892579950D1}.Ad-Hoc|ARM.Build.0 = Release|Any CPU
		{F53D23F3-644C-4D04-8D77-7892579950D1}.Ad-Hoc|ARM.Deploy.0 = Release|Any CPU
		{F53D23F3-644C-4D04-8D77-7892579950D1}.Ad-Hoc|iPhone.ActiveCfg = Release|Any CPU
		{F53D23F3-644C-4D04-8D77-7892579950D1}.Ad-Hoc|iPhone.Build.0 = Release|Any CPU
		{F53D23F3-644C-4D04-8D77-7892579950D1}.Ad-Hoc|iPhone.Deploy.0 = Release|Any CPU
		{F53D23F3-644C-4D04-8D77-7892579950D1}.Ad-Hoc|iPhoneSimulator.ActiveCfg = Release|Any CPU
		{F53D23F3-644C-4D04-8D77-7892579950D1}.Ad-Hoc|iPhoneSimulator.Build.0 = Release|Any CPU
		{F53D23F3-644C-4D04-8D77-7892579950D1}.Ad-Hoc|iPhoneSimulator.Deploy.0 = Release|Any CPU
		{F53D23F3-644C-4D04-8D77-7892579950D1}.Ad-Hoc|x64.ActiveCfg = Release|Any CPU
		{F53D23F3-644C-4D04-8D77-7892579950D1}.Ad-Hoc|x64.Build.0 = Release|Any CPU
		{F53D23F3-644C-4D04-8D77-7892579950D1}.Ad-Hoc|x64.Deploy.0 = Release|Any CPU
		{F53D23F3-644C-4D04-8D77-7892579950D1}.Ad-Hoc|x86.ActiveCfg = Release|Any CPU
		{F53D23F3-644C-4D04-8D77-7892579950D1}.Ad-Hoc|x86.Build.0 = Release|Any CPU
		{F53D23F3-644C-4D04-8D77-7892579950D1}.Ad-Hoc|x86.Deploy.0 = Release|Any CPU
		{F53D23F3-644C-4D04-8D77-7892579950D1}.AppStore|Any CPU.ActiveCfg = Release|Any CPU
		{F53D23F3-644C-4D04-8D77-7892579950D1}.AppStore|Any CPU.Build.0 = Release|Any CPU
		{F53D23F3-644C-4D04-8D77-7892579950D1}.AppStore|Any CPU.Deploy.0 = Release|Any CPU
		{F53D23F3-644C-4D04-8D77-7892579950D1}.AppStore|ARM.ActiveCfg = Release|Any CPU
		{F53D23F3-644C-4D04-8D77-7892579950D1}.AppStore|ARM.Build.0 = Release|Any CPU
		{F53D23F3-644C-4D04-8D77-7892579950D1}.AppStore|ARM.Deploy.0 = Release|Any CPU
		{F53D23F3-644C-4D04-8D77-7892579950D1}.AppStore|iPhone.ActiveCfg = Release|Any CPU
		{F53D23F3-644C-4D04-8D77-7892579950D1}.AppStore|iPhone.Build.0 = Release|Any CPU
		{F53D23F3-644C-4D04-8D77-7892579950D1}.AppStore|iPhone.Deploy.0 = Release|Any CPU
		{F53D23F3-644C-4D04-8D77-7892579950D1}.AppStore|iPhoneSimulator.ActiveCfg = Release|Any CPU
		{F53D23F3-644C-4D04-8D77-7892579950D1}.AppStore|iPhoneSimulator.Build.0 = Release|Any CPU
		{F53D23F3-644C-4D04-8D77-7892579950D1}.AppStore|iPhoneSimulator.Deploy.0 = Release|Any CPU
		{F53D23F3-644C-4D04-8D77-7892579950D1}.AppStore|x64.ActiveCfg = Release|Any CPU
		{F53D23F3-644C-4D04-8D77-7892579950D1}.AppStore|x64.Build.0 = Release|Any CPU
		{F53D23F3-644C-4D04-8D77-7892579950D1}.AppStore|x64.Deploy.0 = Release|Any CPU
		{F53D23F3-644C-4D04-8D77-7892579950D1}.AppStore|x86.ActiveCfg = Release|Any CPU
		{F53D23F3-644C-4D04-8D77-7892579950D1}.AppStore|x86.Build.0 = Release|Any CPU
		{F53D23F3-644C-4D04-8D77-7892579950D1}.AppStore|x86.Deploy.0 = Release|Any CPU
		{F53D23F3-644C-4D04-8D77-7892579950D1}.Debug|Any CPU.ActiveCfg = Debug|Any CPU
		{F53D23F3-644C-4D04-8D77-7892579950D1}.Debug|Any CPU.Build.0 = Debug|Any CPU
		{F53D23F3-644C-4D04-8D77-7892579950D1}.Debug|Any CPU.Deploy.0 = Debug|Any CPU
		{F53D23F3-644C-4D04-8D77-7892579950D1}.Debug|ARM.ActiveCfg = Debug|Any CPU
		{F53D23F3-644C-4D04-8D77-7892579950D1}.Debug|ARM.Build.0 = Debug|Any CPU
		{F53D23F3-644C-4D04-8D77-7892579950D1}.Debug|ARM.Deploy.0 = Debug|Any CPU
		{F53D23F3-644C-4D04-8D77-7892579950D1}.Debug|iPhone.ActiveCfg = Debug|Any CPU
		{F53D23F3-644C-4D04-8D77-7892579950D1}.Debug|iPhone.Build.0 = Debug|Any CPU
		{F53D23F3-644C-4D04-8D77-7892579950D1}.Debug|iPhone.Deploy.0 = Debug|Any CPU
		{F53D23F3-644C-4D04-8D77-7892579950D1}.Debug|iPhoneSimulator.ActiveCfg = Debug|Any CPU
		{F53D23F3-644C-4D04-8D77-7892579950D1}.Debug|iPhoneSimulator.Build.0 = Debug|Any CPU
		{F53D23F3-644C-4D04-8D77-7892579950D1}.Debug|iPhoneSimulator.Deploy.0 = Debug|Any CPU
		{F53D23F3-644C-4D04-8D77-7892579950D1}.Debug|x64.ActiveCfg = Debug|Any CPU
		{F53D23F3-644C-4D04-8D77-7892579950D1}.Debug|x64.Build.0 = Debug|Any CPU
		{F53D23F3-644C-4D04-8D77-7892579950D1}.Debug|x64.Deploy.0 = Debug|Any CPU
		{F53D23F3-644C-4D04-8D77-7892579950D1}.Debug|x86.ActiveCfg = Debug|Any CPU
		{F53D23F3-644C-4D04-8D77-7892579950D1}.Debug|x86.Build.0 = Debug|Any CPU
		{F53D23F3-644C-4D04-8D77-7892579950D1}.Debug|x86.Deploy.0 = Debug|Any CPU
		{F53D23F3-644C-4D04-8D77-7892579950D1}.Release|Any CPU.ActiveCfg = Release|Any CPU
		{F53D23F3-644C-4D04-8D77-7892579950D1}.Release|Any CPU.Build.0 = Release|Any CPU
		{F53D23F3-644C-4D04-8D77-7892579950D1}.Release|Any CPU.Deploy.0 = Release|Any CPU
		{F53D23F3-644C-4D04-8D77-7892579950D1}.Release|ARM.ActiveCfg = Release|Any CPU
		{F53D23F3-644C-4D04-8D77-7892579950D1}.Release|ARM.Build.0 = Release|Any CPU
		{F53D23F3-644C-4D04-8D77-7892579950D1}.Release|ARM.Deploy.0 = Release|Any CPU
		{F53D23F3-644C-4D04-8D77-7892579950D1}.Release|iPhone.ActiveCfg = Release|Any CPU
		{F53D23F3-644C-4D04-8D77-7892579950D1}.Release|iPhone.Build.0 = Release|Any CPU
		{F53D23F3-644C-4D04-8D77-7892579950D1}.Release|iPhone.Deploy.0 = Release|Any CPU
		{F53D23F3-644C-4D04-8D77-7892579950D1}.Release|iPhoneSimulator.ActiveCfg = Release|Any CPU
		{F53D23F3-644C-4D04-8D77-7892579950D1}.Release|iPhoneSimulator.Build.0 = Release|Any CPU
		{F53D23F3-644C-4D04-8D77-7892579950D1}.Release|iPhoneSimulator.Deploy.0 = Release|Any CPU
		{F53D23F3-644C-4D04-8D77-7892579950D1}.Release|x64.ActiveCfg = Release|Any CPU
		{F53D23F3-644C-4D04-8D77-7892579950D1}.Release|x64.Build.0 = Release|Any CPU
		{F53D23F3-644C-4D04-8D77-7892579950D1}.Release|x64.Deploy.0 = Release|Any CPU
		{F53D23F3-644C-4D04-8D77-7892579950D1}.Release|x86.ActiveCfg = Release|Any CPU
		{F53D23F3-644C-4D04-8D77-7892579950D1}.Release|x86.Build.0 = Release|Any CPU
		{F53D23F3-644C-4D04-8D77-7892579950D1}.Release|x86.Deploy.0 = Release|Any CPU
		{B2A4EF85-804B-463D-A0D6-B912E22F9A11}.Ad-Hoc|Any CPU.ActiveCfg = Ad-Hoc|iPhone
		{B2A4EF85-804B-463D-A0D6-B912E22F9A11}.Ad-Hoc|ARM.ActiveCfg = Ad-Hoc|iPhone
		{B2A4EF85-804B-463D-A0D6-B912E22F9A11}.Ad-Hoc|iPhone.ActiveCfg = Ad-Hoc|iPhone
		{B2A4EF85-804B-463D-A0D6-B912E22F9A11}.Ad-Hoc|iPhone.Build.0 = Ad-Hoc|iPhone
		{B2A4EF85-804B-463D-A0D6-B912E22F9A11}.Ad-Hoc|iPhoneSimulator.ActiveCfg = Ad-Hoc|iPhoneSimulator
		{B2A4EF85-804B-463D-A0D6-B912E22F9A11}.Ad-Hoc|iPhoneSimulator.Build.0 = Ad-Hoc|iPhoneSimulator
		{B2A4EF85-804B-463D-A0D6-B912E22F9A11}.Ad-Hoc|x64.ActiveCfg = Ad-Hoc|iPhone
		{B2A4EF85-804B-463D-A0D6-B912E22F9A11}.Ad-Hoc|x86.ActiveCfg = Ad-Hoc|iPhone
		{B2A4EF85-804B-463D-A0D6-B912E22F9A11}.AppStore|Any CPU.ActiveCfg = AppStore|iPhone
		{B2A4EF85-804B-463D-A0D6-B912E22F9A11}.AppStore|ARM.ActiveCfg = AppStore|iPhone
		{B2A4EF85-804B-463D-A0D6-B912E22F9A11}.AppStore|iPhone.ActiveCfg = AppStore|iPhone
		{B2A4EF85-804B-463D-A0D6-B912E22F9A11}.AppStore|iPhone.Build.0 = AppStore|iPhone
		{B2A4EF85-804B-463D-A0D6-B912E22F9A11}.AppStore|iPhoneSimulator.ActiveCfg = AppStore|iPhoneSimulator
		{B2A4EF85-804B-463D-A0D6-B912E22F9A11}.AppStore|iPhoneSimulator.Build.0 = AppStore|iPhoneSimulator
		{B2A4EF85-804B-463D-A0D6-B912E22F9A11}.AppStore|x64.ActiveCfg = AppStore|iPhone
		{B2A4EF85-804B-463D-A0D6-B912E22F9A11}.AppStore|x86.ActiveCfg = AppStore|iPhone
		{B2A4EF85-804B-463D-A0D6-B912E22F9A11}.Debug|Any CPU.ActiveCfg = Debug|iPhone
		{B2A4EF85-804B-463D-A0D6-B912E22F9A11}.Debug|ARM.ActiveCfg = Debug|iPhone
		{B2A4EF85-804B-463D-A0D6-B912E22F9A11}.Debug|iPhone.ActiveCfg = Debug|iPhoneSimulator
		{B2A4EF85-804B-463D-A0D6-B912E22F9A11}.Debug|iPhone.Build.0 = Debug|iPhoneSimulator
		{B2A4EF85-804B-463D-A0D6-B912E22F9A11}.Debug|iPhoneSimulator.ActiveCfg = Debug|iPhoneSimulator
		{B2A4EF85-804B-463D-A0D6-B912E22F9A11}.Debug|iPhoneSimulator.Build.0 = Debug|iPhoneSimulator
		{B2A4EF85-804B-463D-A0D6-B912E22F9A11}.Debug|x64.ActiveCfg = Debug|iPhone
		{B2A4EF85-804B-463D-A0D6-B912E22F9A11}.Debug|x64.Build.0 = Debug|iPhone
		{B2A4EF85-804B-463D-A0D6-B912E22F9A11}.Debug|x86.ActiveCfg = Debug|iPhone
		{B2A4EF85-804B-463D-A0D6-B912E22F9A11}.Release|Any CPU.ActiveCfg = Release|iPhone
		{B2A4EF85-804B-463D-A0D6-B912E22F9A11}.Release|ARM.ActiveCfg = Release|iPhone
		{B2A4EF85-804B-463D-A0D6-B912E22F9A11}.Release|iPhone.ActiveCfg = Release|iPhone
		{B2A4EF85-804B-463D-A0D6-B912E22F9A11}.Release|iPhone.Build.0 = Release|iPhone
		{B2A4EF85-804B-463D-A0D6-B912E22F9A11}.Release|iPhoneSimulator.ActiveCfg = Release|iPhoneSimulator
		{B2A4EF85-804B-463D-A0D6-B912E22F9A11}.Release|iPhoneSimulator.Build.0 = Release|iPhoneSimulator
		{B2A4EF85-804B-463D-A0D6-B912E22F9A11}.Release|x64.ActiveCfg = Release|iPhone
		{B2A4EF85-804B-463D-A0D6-B912E22F9A11}.Release|x86.ActiveCfg = Release|iPhone
		{3A9F2BAA-CCB0-4C83-9A9F-DE5D507AA14F}.Ad-Hoc|Any CPU.ActiveCfg = Release|x86
		{3A9F2BAA-CCB0-4C83-9A9F-DE5D507AA14F}.Ad-Hoc|Any CPU.Build.0 = Release|x86
		{3A9F2BAA-CCB0-4C83-9A9F-DE5D507AA14F}.Ad-Hoc|Any CPU.Deploy.0 = Release|x86
		{3A9F2BAA-CCB0-4C83-9A9F-DE5D507AA14F}.Ad-Hoc|ARM.ActiveCfg = Release|ARM
		{3A9F2BAA-CCB0-4C83-9A9F-DE5D507AA14F}.Ad-Hoc|ARM.Build.0 = Release|ARM
		{3A9F2BAA-CCB0-4C83-9A9F-DE5D507AA14F}.Ad-Hoc|ARM.Deploy.0 = Release|ARM
		{3A9F2BAA-CCB0-4C83-9A9F-DE5D507AA14F}.Ad-Hoc|iPhone.ActiveCfg = Release|x86
		{3A9F2BAA-CCB0-4C83-9A9F-DE5D507AA14F}.Ad-Hoc|iPhone.Build.0 = Release|x86
		{3A9F2BAA-CCB0-4C83-9A9F-DE5D507AA14F}.Ad-Hoc|iPhone.Deploy.0 = Release|x86
		{3A9F2BAA-CCB0-4C83-9A9F-DE5D507AA14F}.Ad-Hoc|iPhoneSimulator.ActiveCfg = Release|x86
		{3A9F2BAA-CCB0-4C83-9A9F-DE5D507AA14F}.Ad-Hoc|iPhoneSimulator.Build.0 = Release|x86
		{3A9F2BAA-CCB0-4C83-9A9F-DE5D507AA14F}.Ad-Hoc|iPhoneSimulator.Deploy.0 = Release|x86
		{3A9F2BAA-CCB0-4C83-9A9F-DE5D507AA14F}.Ad-Hoc|x64.ActiveCfg = Release|x64
		{3A9F2BAA-CCB0-4C83-9A9F-DE5D507AA14F}.Ad-Hoc|x64.Build.0 = Release|x64
		{3A9F2BAA-CCB0-4C83-9A9F-DE5D507AA14F}.Ad-Hoc|x64.Deploy.0 = Release|x64
		{3A9F2BAA-CCB0-4C83-9A9F-DE5D507AA14F}.Ad-Hoc|x86.ActiveCfg = Release|x86
		{3A9F2BAA-CCB0-4C83-9A9F-DE5D507AA14F}.Ad-Hoc|x86.Build.0 = Release|x86
		{3A9F2BAA-CCB0-4C83-9A9F-DE5D507AA14F}.Ad-Hoc|x86.Deploy.0 = Release|x86
		{3A9F2BAA-CCB0-4C83-9A9F-DE5D507AA14F}.AppStore|Any CPU.ActiveCfg = Release|x86
		{3A9F2BAA-CCB0-4C83-9A9F-DE5D507AA14F}.AppStore|Any CPU.Build.0 = Release|x86
		{3A9F2BAA-CCB0-4C83-9A9F-DE5D507AA14F}.AppStore|Any CPU.Deploy.0 = Release|x86
		{3A9F2BAA-CCB0-4C83-9A9F-DE5D507AA14F}.AppStore|ARM.ActiveCfg = Release|ARM
		{3A9F2BAA-CCB0-4C83-9A9F-DE5D507AA14F}.AppStore|ARM.Build.0 = Release|ARM
		{3A9F2BAA-CCB0-4C83-9A9F-DE5D507AA14F}.AppStore|ARM.Deploy.0 = Release|ARM
		{3A9F2BAA-CCB0-4C83-9A9F-DE5D507AA14F}.AppStore|iPhone.ActiveCfg = Release|x86
		{3A9F2BAA-CCB0-4C83-9A9F-DE5D507AA14F}.AppStore|iPhone.Build.0 = Release|x86
		{3A9F2BAA-CCB0-4C83-9A9F-DE5D507AA14F}.AppStore|iPhone.Deploy.0 = Release|x86
		{3A9F2BAA-CCB0-4C83-9A9F-DE5D507AA14F}.AppStore|iPhoneSimulator.ActiveCfg = Release|x86
		{3A9F2BAA-CCB0-4C83-9A9F-DE5D507AA14F}.AppStore|iPhoneSimulator.Build.0 = Release|x86
		{3A9F2BAA-CCB0-4C83-9A9F-DE5D507AA14F}.AppStore|iPhoneSimulator.Deploy.0 = Release|x86
		{3A9F2BAA-CCB0-4C83-9A9F-DE5D507AA14F}.AppStore|x64.ActiveCfg = Release|x64
		{3A9F2BAA-CCB0-4C83-9A9F-DE5D507AA14F}.AppStore|x64.Build.0 = Release|x64
		{3A9F2BAA-CCB0-4C83-9A9F-DE5D507AA14F}.AppStore|x64.Deploy.0 = Release|x64
		{3A9F2BAA-CCB0-4C83-9A9F-DE5D507AA14F}.AppStore|x86.ActiveCfg = Release|x86
		{3A9F2BAA-CCB0-4C83-9A9F-DE5D507AA14F}.AppStore|x86.Build.0 = Release|x86
		{3A9F2BAA-CCB0-4C83-9A9F-DE5D507AA14F}.AppStore|x86.Deploy.0 = Release|x86
		{3A9F2BAA-CCB0-4C83-9A9F-DE5D507AA14F}.Debug|Any CPU.ActiveCfg = Debug|ARM
		{3A9F2BAA-CCB0-4C83-9A9F-DE5D507AA14F}.Debug|Any CPU.Build.0 = Debug|ARM
		{3A9F2BAA-CCB0-4C83-9A9F-DE5D507AA14F}.Debug|Any CPU.Deploy.0 = Debug|ARM
		{3A9F2BAA-CCB0-4C83-9A9F-DE5D507AA14F}.Debug|ARM.ActiveCfg = Debug|ARM
		{3A9F2BAA-CCB0-4C83-9A9F-DE5D507AA14F}.Debug|ARM.Build.0 = Debug|ARM
		{3A9F2BAA-CCB0-4C83-9A9F-DE5D507AA14F}.Debug|ARM.Deploy.0 = Debug|ARM
		{3A9F2BAA-CCB0-4C83-9A9F-DE5D507AA14F}.Debug|iPhone.ActiveCfg = Debug|x64
		{3A9F2BAA-CCB0-4C83-9A9F-DE5D507AA14F}.Debug|iPhone.Build.0 = Debug|x64
		{3A9F2BAA-CCB0-4C83-9A9F-DE5D507AA14F}.Debug|iPhone.Deploy.0 = Debug|x64
		{3A9F2BAA-CCB0-4C83-9A9F-DE5D507AA14F}.Debug|iPhoneSimulator.ActiveCfg = Debug|x64
		{3A9F2BAA-CCB0-4C83-9A9F-DE5D507AA14F}.Debug|iPhoneSimulator.Build.0 = Debug|x64
		{3A9F2BAA-CCB0-4C83-9A9F-DE5D507AA14F}.Debug|iPhoneSimulator.Deploy.0 = Debug|x64
		{3A9F2BAA-CCB0-4C83-9A9F-DE5D507AA14F}.Debug|x64.ActiveCfg = Debug|x64
		{3A9F2BAA-CCB0-4C83-9A9F-DE5D507AA14F}.Debug|x64.Build.0 = Debug|x64
		{3A9F2BAA-CCB0-4C83-9A9F-DE5D507AA14F}.Debug|x64.Deploy.0 = Debug|x64
		{3A9F2BAA-CCB0-4C83-9A9F-DE5D507AA14F}.Debug|x86.ActiveCfg = Debug|x86
		{3A9F2BAA-CCB0-4C83-9A9F-DE5D507AA14F}.Debug|x86.Build.0 = Debug|x86
		{3A9F2BAA-CCB0-4C83-9A9F-DE5D507AA14F}.Debug|x86.Deploy.0 = Debug|x86
		{3A9F2BAA-CCB0-4C83-9A9F-DE5D507AA14F}.Release|Any CPU.ActiveCfg = Release|x86
		{3A9F2BAA-CCB0-4C83-9A9F-DE5D507AA14F}.Release|Any CPU.Build.0 = Release|x86
		{3A9F2BAA-CCB0-4C83-9A9F-DE5D507AA14F}.Release|Any CPU.Deploy.0 = Release|x86
		{3A9F2BAA-CCB0-4C83-9A9F-DE5D507AA14F}.Release|ARM.ActiveCfg = Release|ARM
		{3A9F2BAA-CCB0-4C83-9A9F-DE5D507AA14F}.Release|ARM.Build.0 = Release|ARM
		{3A9F2BAA-CCB0-4C83-9A9F-DE5D507AA14F}.Release|ARM.Deploy.0 = Release|ARM
		{3A9F2BAA-CCB0-4C83-9A9F-DE5D507AA14F}.Release|iPhone.ActiveCfg = Release|x86
		{3A9F2BAA-CCB0-4C83-9A9F-DE5D507AA14F}.Release|iPhoneSimulator.ActiveCfg = Release|x86
		{3A9F2BAA-CCB0-4C83-9A9F-DE5D507AA14F}.Release|x64.ActiveCfg = Release|x64
		{3A9F2BAA-CCB0-4C83-9A9F-DE5D507AA14F}.Release|x64.Build.0 = Release|x64
		{3A9F2BAA-CCB0-4C83-9A9F-DE5D507AA14F}.Release|x64.Deploy.0 = Release|x64
		{3A9F2BAA-CCB0-4C83-9A9F-DE5D507AA14F}.Release|x86.ActiveCfg = Release|x86
		{3A9F2BAA-CCB0-4C83-9A9F-DE5D507AA14F}.Release|x86.Build.0 = Release|x86
		{3A9F2BAA-CCB0-4C83-9A9F-DE5D507AA14F}.Release|x86.Deploy.0 = Release|x86
	EndGlobalSection
	GlobalSection(SolutionProperties) = preSolution
		HideSolutionNode = FALSE
	EndGlobalSection
EndGlobal
